{
  "version": 4,
  "terraform_version": "0.12.6",
  "serial": 7,
  "lineage": "0a2f7900-efd3-b5f1-f270-ff06065ed334",
  "outputs": {},
  "resources": [
    {
      "mode": "managed",
      "type": "aws_iam_role",
      "name": "coming_soon_lambda",
      "provider": "provider.aws",
      "instances": [
        {
          "schema_version": 0,
          "attributes": {
            "arn": "arn:aws:iam::115830081349:role/coming_soon_lambda",
            "assume_role_policy": "{\"Version\":\"2012-10-17\",\"Statement\":[{\"Sid\":\"\",\"Effect\":\"Allow\",\"Principal\":{\"Service\":\"lambda.amazonaws.com\"},\"Action\":\"sts:AssumeRole\"}]}",
            "create_date": "2020-03-18T18:04:06Z",
            "description": "",
            "force_detach_policies": false,
            "id": "coming_soon_lambda",
            "max_session_duration": 3600,
            "name": "coming_soon_lambda",
            "name_prefix": null,
            "path": "/",
            "permissions_boundary": null,
            "tags": {},
            "unique_id": "AROARV6ACY5CWSFPE7MA2"
          },
          "private": "bnVsbA=="
        }
      ]
    },
    {
      "mode": "managed",
      "type": "aws_lambda_function",
      "name": "coming_soon_lambda",
      "provider": "provider.aws",
      "instances": [
        {
          "schema_version": 0,
          "attributes": {
            "arn": "arn:aws:lambda:eu-west-1:115830081349:function:coming_soon",
            "dead_letter_config": [],
            "description": "",
            "environment": [],
            "filename": null,
            "function_name": "coming_soon",
            "handler": "index.handler",
            "id": "coming_soon",
            "invoke_arn": "arn:aws:apigateway:eu-west-1:lambda:path/2015-03-31/functions/arn:aws:lambda:eu-west-1:115830081349:function:coming_soon/invocations",
            "kms_key_arn": "",
            "last_modified": "2020-03-20T21:42:15.206+0000",
            "layers": null,
            "memory_size": 128,
            "publish": false,
            "qualified_arn": "arn:aws:lambda:eu-west-1:115830081349:function:coming_soon:$LATEST",
            "reserved_concurrent_executions": -1,
            "role": "arn:aws:iam::115830081349:role/coming_soon_lambda",
            "runtime": "nodejs12.x",
            "s3_bucket": "ideacamels-lambdas",
            "s3_key": "comingSoon.zip",
            "s3_object_version": null,
            "source_code_hash": "oqmMVP4AoUC3heu6chwbX1C35zrv5fYSXg/UKNzidBY=",
            "source_code_size": 207,
            "tags": {
              "purpose": "ideacamels"
            },
            "timeout": 3,
            "timeouts": null,
            "tracing_config": [
              {
                "mode": "PassThrough"
              }
            ],
            "version": "$LATEST",
            "vpc_config": []
          },
          "private": "eyJlMmJmYjczMC1lY2FhLTExZTYtOGY4OC0zNDM2M2JjN2M0YzAiOnsiY3JlYXRlIjo2MDAwMDAwMDAwMDB9fQ==",
          "depends_on": [
            "aws_iam_role.coming_soon_lambda"
          ]
        }
      ]
    }
  ]
}
