{
  "version": 4,
  "terraform_version": "0.12.6",
  "serial": 55,
  "lineage": "8920edb8-1182-b84d-32dc-739754da3d8d",
  "outputs": {},
  "resources": [
    {
      "mode": "data",
      "type": "external",
      "name": "cert_request",
      "provider": "provider.external",
      "instances": [
        {
          "schema_version": 0,
          "attributes": {
            "id": "-",
            "program": [
              "bash",
              "./req_cert.sh"
            ],
            "query": {
              "site_name": "ideacamels.com"
            },
            "result": {
              "CertificateArn": "arn:aws:acm:eu-west-1:115830081349:certificate/26c0634a-ea1d-4be3-985f-bb613e17d7eb"
            },
            "working_dir": null
          }
        }
      ]
    },
    {
      "mode": "managed",
      "type": "aws_cloudfront_distribution",
      "name": "site_distribution",
      "provider": "provider.aws",
      "instances": [
        {
          "schema_version": 1,
          "attributes": {
            "active_trusted_signers": {
              "enabled": "false",
              "items.#": "0"
            },
            "aliases": [
              "ideacamels.com"
            ],
            "arn": "arn:aws:cloudfront::115830081349:distribution/EH7B8GMXPZJOB",
            "cache_behavior": [],
            "caller_reference": "terraform-20200324102903019600000002",
            "comment": null,
            "custom_error_response": [],
            "default_cache_behavior": [
              {
                "allowed_methods": [
                  "DELETE",
                  "GET",
                  "HEAD",
                  "OPTIONS",
                  "PATCH",
                  "POST",
                  "PUT"
                ],
                "cached_methods": [
                  "GET",
                  "HEAD"
                ],
                "compress": false,
                "default_ttl": 1000,
                "field_level_encryption_id": "",
                "forwarded_values": [
                  {
                    "cookies": [
                      {
                        "forward": "all",
                        "whitelisted_names": null
                      }
                    ],
                    "headers": null,
                    "query_string": true,
                    "query_string_cache_keys": null
                  }
                ],
                "lambda_function_association": [],
                "max_ttl": 86400,
                "min_ttl": 0,
                "smooth_streaming": false,
                "target_origin_id": "ideacamels.com-origin",
                "trusted_signers": null,
                "viewer_protocol_policy": "https-only"
              }
            ],
            "default_root_object": "",
            "domain_name": "d24q8kjcqr31gf.cloudfront.net",
            "enabled": true,
            "etag": "E3ANFBQEH8YY7K",
            "hosted_zone_id": "Z2FDTNDATAQYW2",
            "http_version": "http2",
            "id": "EH7B8GMXPZJOB",
            "in_progress_validation_batches": 0,
            "is_ipv6_enabled": false,
            "last_modified_time": "2020-03-24 10:29:06.317 +0000 UTC",
            "logging_config": [],
            "ordered_cache_behavior": [],
            "origin": [
              {
                "custom_header": [],
                "custom_origin_config": [],
                "domain_name": "ideacamels.com.s3.amazonaws.com",
                "origin_id": "ideacamels.com-origin",
                "origin_path": "",
                "s3_origin_config": []
              }
            ],
            "origin_group": [],
            "price_class": "PriceClass_100",
            "restrictions": [
              {
                "geo_restriction": [
                  {
                    "locations": null,
                    "restriction_type": "none"
                  }
                ]
              }
            ],
            "retain_on_delete": false,
            "status": "Deployed",
            "tags": null,
            "viewer_certificate": [
              {
                "acm_certificate_arn": "arn:aws:acm:us-east-1:115830081349:certificate/7db266fa-33a9-4b26-a582-7c390ed6a83d",
                "cloudfront_default_certificate": false,
                "iam_certificate_id": "",
                "minimum_protocol_version": "TLSv1.1_2016",
                "ssl_support_method": "sni-only"
              }
            ],
            "wait_for_deployment": true,
            "web_acl_id": ""
          },
          "private": "eyJzY2hlbWFfdmVyc2lvbiI6IjEifQ==",
          "depends_on": [
            "aws_s3_bucket.site_bucket"
          ]
        }
      ]
    },
    {
      "mode": "managed",
      "type": "aws_route53_record",
      "name": "site_cname_static",
      "provider": "provider.aws",
      "instances": [
        {
          "schema_version": 2,
          "attributes": {
            "alias": [],
            "allow_overwrite": null,
            "failover_routing_policy": [],
            "fqdn": "static.ideacamels.com",
            "geolocation_routing_policy": [],
            "health_check_id": null,
            "id": "Z055794833FBZDWGOPCY_static.ideacamels.com_CNAME",
            "latency_routing_policy": [],
            "multivalue_answer_routing_policy": null,
            "name": "static.ideacamels.com",
            "records": [
              "ideacamels.com.s3.amazonaws.com"
            ],
            "set_identifier": null,
            "ttl": 30,
            "type": "CNAME",
            "weighted_routing_policy": [],
            "zone_id": "Z055794833FBZDWGOPCY"
          },
          "private": "eyJzY2hlbWFfdmVyc2lvbiI6IjIifQ==",
          "depends_on": [
            "aws_route53_zone.site_zone",
            "aws_s3_bucket.site_bucket",
            "module.dns_domain"
          ]
        }
      ]
    },
    {
      "mode": "managed",
      "type": "aws_route53_record",
      "name": "site_cname_www",
      "provider": "provider.aws",
      "instances": [
        {
          "schema_version": 2,
          "attributes": {
            "alias": [],
            "allow_overwrite": null,
            "failover_routing_policy": [],
            "fqdn": "www.ideacamels.com",
            "geolocation_routing_policy": [],
            "health_check_id": null,
            "id": "Z055794833FBZDWGOPCY_www.ideacamels.com_CNAME",
            "latency_routing_policy": [],
            "multivalue_answer_routing_policy": null,
            "name": "www.ideacamels.com",
            "records": [
              "d24q8kjcqr31gf.cloudfront.net"
            ],
            "set_identifier": null,
            "ttl": 30,
            "type": "CNAME",
            "weighted_routing_policy": [],
            "zone_id": "Z055794833FBZDWGOPCY"
          },
          "private": "eyJzY2hlbWFfdmVyc2lvbiI6IjIifQ==",
          "depends_on": [
            "aws_cloudfront_distribution.site_distribution",
            "aws_route53_zone.site_zone",
            "module.dns_domain"
          ]
        }
      ]
    },
    {
      "mode": "managed",
      "type": "aws_route53_zone",
      "name": "site_zone",
      "provider": "provider.aws",
      "instances": [
        {
          "schema_version": 0,
          "attributes": {
            "comment": "Managed by Terraform",
            "delegation_set_id": "",
            "force_destroy": false,
            "id": "Z055794833FBZDWGOPCY",
            "name": "ideacamels.com.",
            "name_servers": [
              "ns-1256.awsdns-29.org",
              "ns-1591.awsdns-06.co.uk",
              "ns-466.awsdns-58.com",
              "ns-932.awsdns-52.net"
            ],
            "tags": null,
            "vpc": [],
            "vpc_id": null,
            "vpc_region": null,
            "zone_id": "Z055794833FBZDWGOPCY"
          },
          "private": "bnVsbA==",
          "depends_on": [
            "module.dns_domain"
          ]
        }
      ]
    },
    {
      "mode": "managed",
      "type": "aws_s3_bucket",
      "name": "site_bucket",
      "provider": "provider.aws",
      "instances": [
        {
          "schema_version": 0,
          "attributes": {
            "acceleration_status": "",
            "acl": "public-read",
            "arn": "arn:aws:s3:::ideacamels.com",
            "bucket": "ideacamels.com",
            "bucket_domain_name": "ideacamels.com.s3.amazonaws.com",
            "bucket_prefix": null,
            "bucket_regional_domain_name": "ideacamels.com.s3.eu-west-1.amazonaws.com",
            "cors_rule": [],
            "force_destroy": false,
            "grant": [],
            "hosted_zone_id": "Z1BKCTXD74EZPE",
            "id": "ideacamels.com",
            "lifecycle_rule": [],
            "logging": [],
            "object_lock_configuration": [],
            "policy": null,
            "region": "eu-west-1",
            "replication_configuration": [],
            "request_payer": "BucketOwner",
            "server_side_encryption_configuration": [],
            "tags": null,
            "versioning": [
              {
                "enabled": false,
                "mfa_delete": false
              }
            ],
            "website": [
              {
                "error_document": "error.html",
                "index_document": "index.html",
                "redirect_all_requests_to": "",
                "routing_rules": ""
              }
            ],
            "website_domain": "s3-website-eu-west-1.amazonaws.com",
            "website_endpoint": "ideacamels.com.s3-website-eu-west-1.amazonaws.com"
          },
          "private": "bnVsbA=="
        }
      ]
    }
  ]
}
