{
  "version": 4,
  "terraform_version": "0.12.6",
  "serial": 4,
  "lineage": "0a2f7900-efd3-b5f1-f270-ff06065ed334",
  "outputs": {},
  "resources": [
    {
      "mode": "managed",
      "type": "aws_iam_role",
      "name": "coming_soon_lambda",
      "provider": "provider.aws",
      "instances": [
        {
          "schema_version": 0,
          "attributes": {
            "arn": "arn:aws:iam::115830081349:role/coming_soon_lambda",
            "assume_role_policy": "{\"Version\":\"2012-10-17\",\"Statement\":[{\"Sid\":\"\",\"Effect\":\"Allow\",\"Principal\":{\"Service\":\"lambda.amazonaws.com\"},\"Action\":\"sts:AssumeRole\"}]}",
            "create_date": "2020-03-18T18:04:06Z",
            "description": "",
            "force_detach_policies": false,
            "id": "coming_soon_lambda",
            "max_session_duration": 3600,
            "name": "coming_soon_lambda",
            "name_prefix": null,
            "path": "/",
            "permissions_boundary": null,
            "tags": null,
            "unique_id": "AROARV6ACY5CWSFPE7MA2"
          },
          "private": "bnVsbA=="
        }
      ]
    }
  ]
}
